
Microsoft Visual Studio Solution File, Format Version 12.00
# Visual Studio Version 16
VisualStudioVersion = 16.0.30413.136
MinimumVisualStudioVersion = 10.0.40219.1
Project("{9A19103F-16F7-4668-BE54-9A1E7A4F7556}") = "Logger", "Logger\Logger.csproj", "{570C97E8-CD61-410C-9879-2A31E934AD80}"
EndProject
Project("{FAE04EC0-301F-11D3-BF4B-00C04F79EFBC}") = "DesignPattern", "DesignPattern\DesignPattern.csproj", "{1A354F01-73F6-4628-AEF3-88D146B15542}"
EndProject
Global
	GlobalSection(SolutionConfigurationPlatforms) = preSolution
		Debug|Any CPU = Debug|Any CPU
		Release|Any CPU = Release|Any CPU
	EndGlobalSection
	GlobalSection(ProjectConfigurationPlatforms) = postSolution
		{570C97E8-CD61-410C-9879-2A31E934AD80}.Debug|Any CPU.ActiveCfg = Debug|Any CPU
		{570C97E8-CD61-410C-9879-2A31E934AD80}.Debug|Any CPU.Build.0 = Debug|Any CPU
		{570C97E8-CD61-410C-9879-2A31E934AD80}.Release|Any CPU.ActiveCfg = Release|Any CPU
		{570C97E8-CD61-410C-9879-2A31E934AD80}.Release|Any CPU.Build.0 = Release|Any CPU
		{1A354F01-73F6-4628-AEF3-88D146B15542}.Debug|Any CPU.ActiveCfg = Debug|Any CPU
		{1A354F01-73F6-4628-AEF3-88D146B15542}.Debug|Any CPU.Build.0 = Debug|Any CPU
		{1A354F01-73F6-4628-AEF3-88D146B15542}.Release|Any CPU.ActiveCfg = Release|Any CPU
		{1A354F01-73F6-4628-AEF3-88D146B15542}.Release|Any CPU.Build.0 = Release|Any CPU
	EndGlobalSection
	GlobalSection(SolutionProperties) = preSolution
		HideSolutionNode = FALSE
	EndGlobalSection
	GlobalSection(ExtensibilityGlobals) = postSolution
		SolutionGuid = {308C19D9-1A4D-45CC-A743-A2F61B4BF18F}
	EndGlobalSection
EndGlobal
